
Microsoft Visual Studio Solution File, Format Version 12.00
# Visual Studio Version 17
VisualStudioVersion = 17.14.36203.30 d17.14
MinimumVisualStudioVersion = 10.0.40219.1
Project("{FAE04EC0-301F-11D3-BF4B-00C04F79EFBC}") = "CoScheduleOA", "CoSceduleOA\CoScheduleOA.csproj", "{DF6BB2BC-F8CF-49D4-A9DF-9033A2FD2807}"
EndProject
Global
	GlobalSection(SolutionConfigurationPlatforms) = preSolution
		Debug|Any CPU = Debug|Any CPU
		Release|Any CPU = Release|Any CPU
	EndGlobalSection
	GlobalSection(ProjectConfigurationPlatforms) = postSolution
		{DF6BB2BC-F8CF-49D4-A9DF-9033A2FD2807}.Debug|Any CPU.ActiveCfg = Debug|Any CPU
		{DF6BB2BC-F8CF-49D4-A9DF-9033A2FD2807}.Debug|Any CPU.Build.0 = Debug|Any CPU
		{DF6BB2BC-F8CF-49D4-A9DF-9033A2FD2807}.Release|Any CPU.ActiveCfg = Release|Any CPU
		{DF6BB2BC-F8CF-49D4-A9DF-9033A2FD2807}.Release|Any CPU.Build.0 = Release|Any CPU
	EndGlobalSection
	GlobalSection(SolutionProperties) = preSolution
		HideSolutionNode = FALSE
	EndGlobalSection
	GlobalSection(ExtensibilityGlobals) = postSolution
		SolutionGuid = {8C17E6AF-5322-460A-A011-09BA51264EFF}
	EndGlobalSection
EndGlobal
